
Microsoft Visual Studio Solution File, Format Version 12.00
# Visual Studio Version 16
VisualStudioVersion = 16.0.31515.178
MinimumVisualStudioVersion = 10.0.40219.1
Project("{FAE04EC0-301F-11D3-BF4B-00C04F79EFBC}") = "SK.SerendipGenericServise.KPersonelApi", "SK.SerendipGenericServise.KPersonelApi\SK.SerendipGenericServise.KPersonelApi.csproj", "{89913ED4-2154-4902-B346-E9DA68D9D77F}"
EndProject
Project("{FAE04EC0-301F-11D3-BF4B-00C04F79EFBC}") = "SK.SerendipGenericServise.KGeoLocationApi", "SK.SerendipGenericServise.KGeeLocationApi\SK.SerendipGenericServise.KGeoLocationApi.csproj", "{37EF2761-9A42-4167-B331-DBC980742AE3}"
EndProject
Project("{2150E333-8FDC-42A3-9474-1A3956D46DE8}") = "Shared", "Shared", "{3D9142D4-686A-4FFD-AEEF-73F936422E07}"
EndProject
Project("{FAE04EC0-301F-11D3-BF4B-00C04F79EFBC}") = "SK.SerendipGenericServise.Core", "Shared\SK.SerendipGenericServise.Core\SK.SerendipGenericServise.Core.csproj", "{B82D9328-00B9-433E-8E8D-0495AD9322F6}"
EndProject
Project("{FAE04EC0-301F-11D3-BF4B-00C04F79EFBC}") = "SK.SerendipGenericServise.KKargoApi", "SK.SerendipGenericServise.KKargoApi\SK.SerendipGenericServise.KKargoApi.csproj", "{C39815BA-B17D-4E46-8C08-B2D5E7ADFEB5}"
EndProject
Project("{FAE04EC0-301F-11D3-BF4B-00C04F79EFBC}") = "SK.SerendipGenericService.KSubeApi", "SK.SerendipGenericService.KSubeApi\SK.SerendipGenericService.KSubeApi.csproj", "{E0A5667C-8E02-4BA4-9A1A-932CFCD84EB1}"
EndProject
Project("{FAE04EC0-301F-11D3-BF4B-00C04F79EFBC}") = "SK.SerendipGenericService.KTesellumApi", "SK.SerendipGenericService.KTesellumApi\SK.SerendipGenericService.KTesellumApi.csproj", "{D7777689-37E8-4A20-B1DB-D15E90D86D52}"
EndProject
Project("{FAE04EC0-301F-11D3-BF4B-00C04F79EFBC}") = "SK.SerendipGenericService.KKargoHareketApi", "SK.SerendipGenericService.KKargoHareketApi\SK.SerendipGenericService.KKargoHareketApi.csproj", "{F4FE822C-0024-49C7-BBA3-F114FECD4A61}"
EndProject
Project("{FAE04EC0-301F-11D3-BF4B-00C04F79EFBC}") = "SK.SerendipGenericServise.InkaGorevlerApi", "SK.SerendipGenericServise.InkaGorevlerApi\SK.SerendipGenericServise.InkaGorevlerApi.csproj", "{C2970D1F-7AD9-4C0E-ADCC-A6F7981FEFA6}"
EndProject
Project("{FAE04EC0-301F-11D3-BF4B-00C04F79EFBC}") = "SK.SerendipGenericServise.KAracKaraApi", "SK.SerendipGenericServise.KAracKaraApi\SK.SerendipGenericServise.KAracKaraApi.csproj", "{AC8AD372-D8FF-4140-A7F3-569AE1FECF6F}"
EndProject
Project("{FAE04EC0-301F-11D3-BF4B-00C04F79EFBC}") = "SK.SerendipGenericService.KKuryeLocationApi", "SK.SerendipGenericService.KKuryeLocationApi\SK.SerendipGenericService.KKuryeLocationApi.csproj", "{8DEFD259-B2A1-4DD9-BC21-1FA98336FFEA}"
EndProject
Project("{FAE04EC0-301F-11D3-BF4B-00C04F79EFBC}") = "SK.SerendipGenericServise.KCariApi", "SK.SerendipGenericServise.KCariApi\SK.SerendipGenericServise.KCariApi.csproj", "{A7596A75-90E5-43D5-BBE4-8AFB0EDF9FEE}"
EndProject
Project("{FAE04EC0-301F-11D3-BF4B-00C04F79EFBC}") = "SK.SerendipGenericServise.KBirimApi", "SK.SerendipGenericServise.KBirimApi\SK.SerendipGenericServise.KBirimApi.csproj", "{47D11491-F167-420F-AEB1-FECEF6B0DB80}"
EndProject
Project("{FAE04EC0-301F-11D3-BF4B-00C04F79EFBC}") = "SK.SerendipGenericService.KFaturaApi", "SK.SerendipGenericService.KFaturaApi\SK.SerendipGenericService.KFaturaApi.csproj", "{F092EE87-5E26-4411-9A98-14A9A2A0B98B}"
EndProject
Global
	GlobalSection(SolutionConfigurationPlatforms) = preSolution
		Debug|Any CPU = Debug|Any CPU
		Release|Any CPU = Release|Any CPU
	EndGlobalSection
	GlobalSection(ProjectConfigurationPlatforms) = postSolution
		{89913ED4-2154-4902-B346-E9DA68D9D77F}.Debug|Any CPU.ActiveCfg = Debug|Any CPU
		{89913ED4-2154-4902-B346-E9DA68D9D77F}.Debug|Any CPU.Build.0 = Debug|Any CPU
		{89913ED4-2154-4902-B346-E9DA68D9D77F}.Release|Any CPU.ActiveCfg = Release|Any CPU
		{89913ED4-2154-4902-B346-E9DA68D9D77F}.Release|Any CPU.Build.0 = Release|Any CPU
		{37EF2761-9A42-4167-B331-DBC980742AE3}.Debug|Any CPU.ActiveCfg = Debug|Any CPU
		{37EF2761-9A42-4167-B331-DBC980742AE3}.Debug|Any CPU.Build.0 = Debug|Any CPU
		{37EF2761-9A42-4167-B331-DBC980742AE3}.Release|Any CPU.ActiveCfg = Release|Any CPU
		{37EF2761-9A42-4167-B331-DBC980742AE3}.Release|Any CPU.Build.0 = Release|Any CPU
		{B82D9328-00B9-433E-8E8D-0495AD9322F6}.Debug|Any CPU.ActiveCfg = Debug|Any CPU
		{B82D9328-00B9-433E-8E8D-0495AD9322F6}.Debug|Any CPU.Build.0 = Debug|Any CPU
		{B82D9328-00B9-433E-8E8D-0495AD9322F6}.Release|Any CPU.ActiveCfg = Release|Any CPU
		{B82D9328-00B9-433E-8E8D-0495AD9322F6}.Release|Any CPU.Build.0 = Release|Any CPU
		{C39815BA-B17D-4E46-8C08-B2D5E7ADFEB5}.Debug|Any CPU.ActiveCfg = Debug|Any CPU
		{C39815BA-B17D-4E46-8C08-B2D5E7ADFEB5}.Debug|Any CPU.Build.0 = Debug|Any CPU
		{C39815BA-B17D-4E46-8C08-B2D5E7ADFEB5}.Release|Any CPU.ActiveCfg = Release|Any CPU
		{C39815BA-B17D-4E46-8C08-B2D5E7ADFEB5}.Release|Any CPU.Build.0 = Release|Any CPU
		{E0A5667C-8E02-4BA4-9A1A-932CFCD84EB1}.Debug|Any CPU.ActiveCfg = Debug|Any CPU
		{E0A5667C-8E02-4BA4-9A1A-932CFCD84EB1}.Debug|Any CPU.Build.0 = Debug|Any CPU
		{E0A5667C-8E02-4BA4-9A1A-932CFCD84EB1}.Release|Any CPU.ActiveCfg = Release|Any CPU
		{E0A5667C-8E02-4BA4-9A1A-932CFCD84EB1}.Release|Any CPU.Build.0 = Release|Any CPU
		{D7777689-37E8-4A20-B1DB-D15E90D86D52}.Debug|Any CPU.ActiveCfg = Debug|Any CPU
		{D7777689-37E8-4A20-B1DB-D15E90D86D52}.Debug|Any CPU.Build.0 = Debug|Any CPU
		{D7777689-37E8-4A20-B1DB-D15E90D86D52}.Release|Any CPU.ActiveCfg = Release|Any CPU
		{D7777689-37E8-4A20-B1DB-D15E90D86D52}.Release|Any CPU.Build.0 = Release|Any CPU
		{F4FE822C-0024-49C7-BBA3-F114FECD4A61}.Debug|Any CPU.ActiveCfg = Debug|Any CPU
		{F4FE822C-0024-49C7-BBA3-F114FECD4A61}.Debug|Any CPU.Build.0 = Debug|Any CPU
		{F4FE822C-0024-49C7-BBA3-F114FECD4A61}.Release|Any CPU.ActiveCfg = Release|Any CPU
		{F4FE822C-0024-49C7-BBA3-F114FECD4A61}.Release|Any CPU.Build.0 = Release|Any CPU
		{C2970D1F-7AD9-4C0E-ADCC-A6F7981FEFA6}.Debug|Any CPU.ActiveCfg = Debug|Any CPU
		{C2970D1F-7AD9-4C0E-ADCC-A6F7981FEFA6}.Debug|Any CPU.Build.0 = Debug|Any CPU
		{C2970D1F-7AD9-4C0E-ADCC-A6F7981FEFA6}.Release|Any CPU.ActiveCfg = Release|Any CPU
		{C2970D1F-7AD9-4C0E-ADCC-A6F7981FEFA6}.Release|Any CPU.Build.0 = Release|Any CPU
		{AC8AD372-D8FF-4140-A7F3-569AE1FECF6F}.Debug|Any CPU.ActiveCfg = Debug|Any CPU
		{AC8AD372-D8FF-4140-A7F3-569AE1FECF6F}.Debug|Any CPU.Build.0 = Debug|Any CPU
		{AC8AD372-D8FF-4140-A7F3-569AE1FECF6F}.Release|Any CPU.ActiveCfg = Release|Any CPU
		{AC8AD372-D8FF-4140-A7F3-569AE1FECF6F}.Release|Any CPU.Build.0 = Release|Any CPU
		{8DEFD259-B2A1-4DD9-BC21-1FA98336FFEA}.Debug|Any CPU.ActiveCfg = Debug|Any CPU
		{8DEFD259-B2A1-4DD9-BC21-1FA98336FFEA}.Debug|Any CPU.Build.0 = Debug|Any CPU
		{8DEFD259-B2A1-4DD9-BC21-1FA98336FFEA}.Release|Any CPU.ActiveCfg = Release|Any CPU
		{8DEFD259-B2A1-4DD9-BC21-1FA98336FFEA}.Release|Any CPU.Build.0 = Release|Any CPU
		{A7596A75-90E5-43D5-BBE4-8AFB0EDF9FEE}.Debug|Any CPU.ActiveCfg = Debug|Any CPU
		{A7596A75-90E5-43D5-BBE4-8AFB0EDF9FEE}.Debug|Any CPU.Build.0 = Debug|Any CPU
		{A7596A75-90E5-43D5-BBE4-8AFB0EDF9FEE}.Release|Any CPU.ActiveCfg = Release|Any CPU
		{A7596A75-90E5-43D5-BBE4-8AFB0EDF9FEE}.Release|Any CPU.Build.0 = Release|Any CPU
		{47D11491-F167-420F-AEB1-FECEF6B0DB80}.Debug|Any CPU.ActiveCfg = Debug|Any CPU
		{47D11491-F167-420F-AEB1-FECEF6B0DB80}.Debug|Any CPU.Build.0 = Debug|Any CPU
		{47D11491-F167-420F-AEB1-FECEF6B0DB80}.Release|Any CPU.ActiveCfg = Release|Any CPU
		{47D11491-F167-420F-AEB1-FECEF6B0DB80}.Release|Any CPU.Build.0 = Release|Any CPU
		{F092EE87-5E26-4411-9A98-14A9A2A0B98B}.Debug|Any CPU.ActiveCfg = Debug|Any CPU
		{F092EE87-5E26-4411-9A98-14A9A2A0B98B}.Debug|Any CPU.Build.0 = Debug|Any CPU
		{F092EE87-5E26-4411-9A98-14A9A2A0B98B}.Release|Any CPU.ActiveCfg = Release|Any CPU
		{F092EE87-5E26-4411-9A98-14A9A2A0B98B}.Release|Any CPU.Build.0 = Release|Any CPU
	EndGlobalSection
	GlobalSection(SolutionProperties) = preSolution
		HideSolutionNode = FALSE
	EndGlobalSection
	GlobalSection(NestedProjects) = preSolution
		{B82D9328-00B9-433E-8E8D-0495AD9322F6} = {3D9142D4-686A-4FFD-AEEF-73F936422E07}
	EndGlobalSection
	GlobalSection(ExtensibilityGlobals) = postSolution
		SolutionGuid = {5158D1DD-6030-435C-A817-3F054E73E32E}
	EndGlobalSection
EndGlobal
